
Microsoft Visual Studio Solution File, Format Version 12.00
# Visual Studio Version 16
VisualStudioVersion = 16.0.28803.352
MinimumVisualStudioVersion = 10.0.40219.1
Project("{9A19103F-16F7-4668-BE54-9A1E7A4F7556}") = "App.API", "App.API\App.API.csproj", "{C1A14A19-212D-4C46-9146-3BDFDB29956C}"
EndProject
Global
	GlobalSection(SolutionConfigurationPlatforms) = preSolution
		Debug|Any CPU = Debug|Any CPU
		Release|Any CPU = Release|Any CPU
	EndGlobalSection
	GlobalSection(ProjectConfigurationPlatforms) = postSolution
		{C1A14A19-212D-4C46-9146-3BDFDB29956C}.Debug|Any CPU.ActiveCfg = Debug|Any CPU
		{C1A14A19-212D-4C46-9146-3BDFDB29956C}.Debug|Any CPU.Build.0 = Debug|Any CPU
		{C1A14A19-212D-4C46-9146-3BDFDB29956C}.Release|Any CPU.ActiveCfg = Release|Any CPU
		{C1A14A19-212D-4C46-9146-3BDFDB29956C}.Release|Any CPU.Build.0 = Release|Any CPU
	EndGlobalSection
	GlobalSection(SolutionProperties) = preSolution
		HideSolutionNode = FALSE
	EndGlobalSection
	GlobalSection(ExtensibilityGlobals) = postSolution
		SolutionGuid = {DEABD1C4-631F-4202-B416-7C6898B7DCEB}
	EndGlobalSection
EndGlobal
